
Microsoft Visual Studio Solution File, Format Version 12.00
# Visual Studio Version 16
VisualStudioVersion = 16.0.31624.102
MinimumVisualStudioVersion = 10.0.40219.1
Project("{FAE04EC0-301F-11D3-BF4B-00C04F79EFBC}") = "Задание 1", "Задание 1\Задание 1.csproj", "{DE3E3C44-6EDA-4BC4-B18C-41604D76EC99}"
EndProject
Global
	GlobalSection(SolutionConfigurationPlatforms) = preSolution
		Debug|Any CPU = Debug|Any CPU
		Release|Any CPU = Release|Any CPU
	EndGlobalSection
	GlobalSection(ProjectConfigurationPlatforms) = postSolution
		{DE3E3C44-6EDA-4BC4-B18C-41604D76EC99}.Debug|Any CPU.ActiveCfg = Debug|Any CPU
		{DE3E3C44-6EDA-4BC4-B18C-41604D76EC99}.Debug|Any CPU.Build.0 = Debug|Any CPU
		{DE3E3C44-6EDA-4BC4-B18C-41604D76EC99}.Release|Any CPU.ActiveCfg = Release|Any CPU
		{DE3E3C44-6EDA-4BC4-B18C-41604D76EC99}.Release|Any CPU.Build.0 = Release|Any CPU
	EndGlobalSection
	GlobalSection(SolutionProperties) = preSolution
		HideSolutionNode = FALSE
	EndGlobalSection
	GlobalSection(ExtensibilityGlobals) = postSolution
		SolutionGuid = {9B2391CF-1810-4014-8C8B-B6A0213E8DB9}
	EndGlobalSection
EndGlobal
